
Microsoft Visual Studio Solution File, Format Version 12.00
# Visual Studio Version 16
VisualStudioVersion = 16.0.29709.97
MinimumVisualStudioVersion = 10.0.40219.1
Project("{FAE04EC0-301F-11D3-BF4B-00C04F79EFBC}") = "DrinksGo", "DrinksGo\DrinksGo.csproj", "{AD662936-2CC7-4BAC-9A0B-3A14BA776289}"
EndProject
Global
	GlobalSection(SolutionConfigurationPlatforms) = preSolution
		Debug|Any CPU = Debug|Any CPU
		Release|Any CPU = Release|Any CPU
	EndGlobalSection
	GlobalSection(ProjectConfigurationPlatforms) = postSolution
		{AD662936-2CC7-4BAC-9A0B-3A14BA776289}.Debug|Any CPU.ActiveCfg = Debug|Any CPU
		{AD662936-2CC7-4BAC-9A0B-3A14BA776289}.Debug|Any CPU.Build.0 = Debug|Any CPU
		{AD662936-2CC7-4BAC-9A0B-3A14BA776289}.Release|Any CPU.ActiveCfg = Release|Any CPU
		{AD662936-2CC7-4BAC-9A0B-3A14BA776289}.Release|Any CPU.Build.0 = Release|Any CPU
	EndGlobalSection
	GlobalSection(SolutionProperties) = preSolution
		HideSolutionNode = FALSE
	EndGlobalSection
	GlobalSection(ExtensibilityGlobals) = postSolution
		SolutionGuid = {BC2F2BCD-1136-4967-99F2-384FADF4C145}
	EndGlobalSection
EndGlobal
